
Microsoft Visual Studio Solution File, Format Version 12.00
# Visual Studio Version 16
VisualStudioVersion = 16.0.30804.86
MinimumVisualStudioVersion = 10.0.40219.1
Project("{FAE04EC0-301F-11D3-BF4B-00C04F79EFBC}") = "AtlasAssembler", "AtlasAssembler.csproj", "{8E26A186-1C2C-4945-BC7C-71CADB44023D}"
EndProject
Global
	GlobalSection(SolutionConfigurationPlatforms) = preSolution
		Debug|Any CPU = Debug|Any CPU
		Release|Any CPU = Release|Any CPU
	EndGlobalSection
	GlobalSection(ProjectConfigurationPlatforms) = postSolution
		{8E26A186-1C2C-4945-BC7C-71CADB44023D}.Debug|Any CPU.ActiveCfg = Debug|Any CPU
		{8E26A186-1C2C-4945-BC7C-71CADB44023D}.Debug|Any CPU.Build.0 = Debug|Any CPU
		{8E26A186-1C2C-4945-BC7C-71CADB44023D}.Release|Any CPU.ActiveCfg = Release|Any CPU
		{8E26A186-1C2C-4945-BC7C-71CADB44023D}.Release|Any CPU.Build.0 = Release|Any CPU
	EndGlobalSection
	GlobalSection(SolutionProperties) = preSolution
		HideSolutionNode = FALSE
	EndGlobalSection
	GlobalSection(ExtensibilityGlobals) = postSolution
		SolutionGuid = {61A4CE93-F158-4ED7-8E9E-7AAB6A2422AE}
	EndGlobalSection
EndGlobal
